{
  "name": "FinalProject",
  "lockfileVersion": 2,
  "requires": true,
  "packages": {
    "": {
      "dependencies": {
        "wordcloud": "^1.2.0"
      }
    },
    "node_modules/wordcloud": {
      "version": "1.2.0",
      "resolved": "https://registry.npmjs.org/wordcloud/-/wordcloud-1.2.0.tgz",
      "integrity": "sha512-YBZJAXQKf+Cj04BgoDZmYUtknn1Ojz5EvwBCa9/rP7C60dvabnXaHJ0QNu2yFRlWRFDS2jED9L+cECQnh7OOxg=="
    }
  },
  "dependencies": {
    "wordcloud": {
      "version": "1.2.0",
      "resolved": "https://registry.npmjs.org/wordcloud/-/wordcloud-1.2.0.tgz",
      "integrity": "sha512-YBZJAXQKf+Cj04BgoDZmYUtknn1Ojz5EvwBCa9/rP7C60dvabnXaHJ0QNu2yFRlWRFDS2jED9L+cECQnh7OOxg=="
    }
  }
}
